
Microsoft Visual Studio Solution File, Format Version 12.00
# Visual Studio Version 17
VisualStudioVersion = 17.9.34622.214
MinimumVisualStudioVersion = 10.0.40219.1
Project("{9A19103F-16F7-4668-BE54-9A1E7A4F7556}") = "Garage3.0", "Garage3.0\Garage3.0.csproj", "{CF536257-A1EA-432B-8833-0AB426883741}"
EndProject
Global
	GlobalSection(SolutionConfigurationPlatforms) = preSolution
		Debug|Any CPU = Debug|Any CPU
		Release|Any CPU = Release|Any CPU
	EndGlobalSection
	GlobalSection(ProjectConfigurationPlatforms) = postSolution
		{CF536257-A1EA-432B-8833-0AB426883741}.Debug|Any CPU.ActiveCfg = Debug|Any CPU
		{CF536257-A1EA-432B-8833-0AB426883741}.Debug|Any CPU.Build.0 = Debug|Any CPU
		{CF536257-A1EA-432B-8833-0AB426883741}.Release|Any CPU.ActiveCfg = Release|Any CPU
		{CF536257-A1EA-432B-8833-0AB426883741}.Release|Any CPU.Build.0 = Release|Any CPU
	EndGlobalSection
	GlobalSection(SolutionProperties) = preSolution
		HideSolutionNode = FALSE
	EndGlobalSection
	GlobalSection(ExtensibilityGlobals) = postSolution
		SolutionGuid = {F10C3666-DC4F-47A7-A1DA-5145AF635C86}
	EndGlobalSection
EndGlobal
